
Microsoft Visual Studio Solution File, Format Version 12.00
# Visual Studio Version 17
VisualStudioVersion = 17.0.31903.59
MinimumVisualStudioVersion = 10.0.40219.1
Project("{2150E333-8FDC-42A3-9474-1A3956D46DE8}") = "src", "src", "{159A76A1-D049-4A6C-AE80-A71022A39742}"
EndProject
Project("{FAE04EC0-301F-11D3-BF4B-00C04F79EFBC}") = "AuctionsService", "src\AuctionsService\AuctionsService.csproj", "{29705017-C83C-4E8A-B38D-433F2F855543}"
EndProject
Project("{FAE04EC0-301F-11D3-BF4B-00C04F79EFBC}") = "SearchService", "src\SearchService\SearchService.csproj", "{2F4FF9C5-9566-49CB-A9CF-0EF7C103541D}"
EndProject
Project("{FAE04EC0-301F-11D3-BF4B-00C04F79EFBC}") = "Contracts", "src\Contracts\Contracts.csproj", "{0EDAC9D0-D9CC-4122-8EB1-BBE1BF138E6C}"
EndProject
Global
	GlobalSection(SolutionConfigurationPlatforms) = preSolution
		Debug|Any CPU = Debug|Any CPU
		Release|Any CPU = Release|Any CPU
	EndGlobalSection
	GlobalSection(SolutionProperties) = preSolution
		HideSolutionNode = FALSE
	EndGlobalSection
	GlobalSection(ProjectConfigurationPlatforms) = postSolution
		{29705017-C83C-4E8A-B38D-433F2F855543}.Debug|Any CPU.ActiveCfg = Debug|Any CPU
		{29705017-C83C-4E8A-B38D-433F2F855543}.Debug|Any CPU.Build.0 = Debug|Any CPU
		{29705017-C83C-4E8A-B38D-433F2F855543}.Release|Any CPU.ActiveCfg = Release|Any CPU
		{29705017-C83C-4E8A-B38D-433F2F855543}.Release|Any CPU.Build.0 = Release|Any CPU
		{2F4FF9C5-9566-49CB-A9CF-0EF7C103541D}.Debug|Any CPU.ActiveCfg = Debug|Any CPU
		{2F4FF9C5-9566-49CB-A9CF-0EF7C103541D}.Debug|Any CPU.Build.0 = Debug|Any CPU
		{2F4FF9C5-9566-49CB-A9CF-0EF7C103541D}.Release|Any CPU.ActiveCfg = Release|Any CPU
		{2F4FF9C5-9566-49CB-A9CF-0EF7C103541D}.Release|Any CPU.Build.0 = Release|Any CPU
		{0EDAC9D0-D9CC-4122-8EB1-BBE1BF138E6C}.Debug|Any CPU.ActiveCfg = Debug|Any CPU
		{0EDAC9D0-D9CC-4122-8EB1-BBE1BF138E6C}.Debug|Any CPU.Build.0 = Debug|Any CPU
		{0EDAC9D0-D9CC-4122-8EB1-BBE1BF138E6C}.Release|Any CPU.ActiveCfg = Release|Any CPU
		{0EDAC9D0-D9CC-4122-8EB1-BBE1BF138E6C}.Release|Any CPU.Build.0 = Release|Any CPU
	EndGlobalSection
	GlobalSection(NestedProjects) = preSolution
		{29705017-C83C-4E8A-B38D-433F2F855543} = {159A76A1-D049-4A6C-AE80-A71022A39742}
		{2F4FF9C5-9566-49CB-A9CF-0EF7C103541D} = {159A76A1-D049-4A6C-AE80-A71022A39742}
		{0EDAC9D0-D9CC-4122-8EB1-BBE1BF138E6C} = {159A76A1-D049-4A6C-AE80-A71022A39742}
	EndGlobalSection
EndGlobal
